
Microsoft Visual Studio Solution File, Format Version 12.00
# Visual Studio Version 16
VisualStudioVersion = 16.0.29911.84
MinimumVisualStudioVersion = 10.0.40219.1
Project("{FAE04EC0-301F-11D3-BF4B-00C04F79EFBC}") = "laboratorio-02-SantiagoWalkerD", "laboratorio-02-SantiagoWalkerD\laboratorio-02-SantiagoWalkerD.csproj", "{342BDC81-779B-4A53-BA93-969EAD369029}"
EndProject
Global
	GlobalSection(SolutionConfigurationPlatforms) = preSolution
		Debug|Any CPU = Debug|Any CPU
		Release|Any CPU = Release|Any CPU
	EndGlobalSection
	GlobalSection(ProjectConfigurationPlatforms) = postSolution
		{342BDC81-779B-4A53-BA93-969EAD369029}.Debug|Any CPU.ActiveCfg = Debug|Any CPU
		{342BDC81-779B-4A53-BA93-969EAD369029}.Debug|Any CPU.Build.0 = Debug|Any CPU
		{342BDC81-779B-4A53-BA93-969EAD369029}.Release|Any CPU.ActiveCfg = Release|Any CPU
		{342BDC81-779B-4A53-BA93-969EAD369029}.Release|Any CPU.Build.0 = Release|Any CPU
	EndGlobalSection
	GlobalSection(SolutionProperties) = preSolution
		HideSolutionNode = FALSE
	EndGlobalSection
	GlobalSection(ExtensibilityGlobals) = postSolution
		SolutionGuid = {A33ADAB4-CB99-4B10-9A72-46536352F193}
	EndGlobalSection
EndGlobal
